
Microsoft Visual Studio Solution File, Format Version 12.00
# Visual Studio Version 17
VisualStudioVersion = 17.5.33516.290
MinimumVisualStudioVersion = 10.0.40219.1
Project("{9A19103F-16F7-4668-BE54-9A1E7A4F7556}") = "eshop.MVC", "eshop.MVC\eshop.MVC.csproj", "{4A346519-3153-4D18-9CDE-D5E899956205}"
EndProject
Project("{9A19103F-16F7-4668-BE54-9A1E7A4F7556}") = "eshop.Application", "eshop.Application\eshop.Application.csproj", "{5A7ED043-EC1B-47E8-A07B-6DFFF0A985A5}"
EndProject
Project("{9A19103F-16F7-4668-BE54-9A1E7A4F7556}") = "eshop.Entities", "eshop.Entities\eshop.Entities.csproj", "{059E1492-12D1-4151-8E49-9034D83E158B}"
EndProject
Project("{9A19103F-16F7-4668-BE54-9A1E7A4F7556}") = "eshop.Infrastucture", "eshop.Infrastucture\eshop.Infrastucture.csproj", "{499E16C1-931F-430F-B46D-13EC0F5590BF}"
EndProject
Project("{FAE04EC0-301F-11D3-BF4B-00C04F79EFBC}") = "eshop.API", "eshop.API\eshop.API.csproj", "{E4ADC555-ADAE-4AD1-8BE3-F6B2121A290E}"
EndProject
Global
	GlobalSection(SolutionConfigurationPlatforms) = preSolution
		Debug|Any CPU = Debug|Any CPU
		Release|Any CPU = Release|Any CPU
	EndGlobalSection
	GlobalSection(ProjectConfigurationPlatforms) = postSolution
		{4A346519-3153-4D18-9CDE-D5E899956205}.Debug|Any CPU.ActiveCfg = Debug|Any CPU
		{4A346519-3153-4D18-9CDE-D5E899956205}.Debug|Any CPU.Build.0 = Debug|Any CPU
		{4A346519-3153-4D18-9CDE-D5E899956205}.Release|Any CPU.ActiveCfg = Release|Any CPU
		{4A346519-3153-4D18-9CDE-D5E899956205}.Release|Any CPU.Build.0 = Release|Any CPU
		{5A7ED043-EC1B-47E8-A07B-6DFFF0A985A5}.Debug|Any CPU.ActiveCfg = Debug|Any CPU
		{5A7ED043-EC1B-47E8-A07B-6DFFF0A985A5}.Debug|Any CPU.Build.0 = Debug|Any CPU
		{5A7ED043-EC1B-47E8-A07B-6DFFF0A985A5}.Release|Any CPU.ActiveCfg = Release|Any CPU
		{5A7ED043-EC1B-47E8-A07B-6DFFF0A985A5}.Release|Any CPU.Build.0 = Release|Any CPU
		{059E1492-12D1-4151-8E49-9034D83E158B}.Debug|Any CPU.ActiveCfg = Debug|Any CPU
		{059E1492-12D1-4151-8E49-9034D83E158B}.Debug|Any CPU.Build.0 = Debug|Any CPU
		{059E1492-12D1-4151-8E49-9034D83E158B}.Release|Any CPU.ActiveCfg = Release|Any CPU
		{059E1492-12D1-4151-8E49-9034D83E158B}.Release|Any CPU.Build.0 = Release|Any CPU
		{499E16C1-931F-430F-B46D-13EC0F5590BF}.Debug|Any CPU.ActiveCfg = Debug|Any CPU
		{499E16C1-931F-430F-B46D-13EC0F5590BF}.Debug|Any CPU.Build.0 = Debug|Any CPU
		{499E16C1-931F-430F-B46D-13EC0F5590BF}.Release|Any CPU.ActiveCfg = Release|Any CPU
		{499E16C1-931F-430F-B46D-13EC0F5590BF}.Release|Any CPU.Build.0 = Release|Any CPU
		{E4ADC555-ADAE-4AD1-8BE3-F6B2121A290E}.Debug|Any CPU.ActiveCfg = Debug|Any CPU
		{E4ADC555-ADAE-4AD1-8BE3-F6B2121A290E}.Debug|Any CPU.Build.0 = Debug|Any CPU
		{E4ADC555-ADAE-4AD1-8BE3-F6B2121A290E}.Release|Any CPU.ActiveCfg = Release|Any CPU
		{E4ADC555-ADAE-4AD1-8BE3-F6B2121A290E}.Release|Any CPU.Build.0 = Release|Any CPU
	EndGlobalSection
	GlobalSection(SolutionProperties) = preSolution
		HideSolutionNode = FALSE
	EndGlobalSection
	GlobalSection(ExtensibilityGlobals) = postSolution
		SolutionGuid = {83500C0E-414F-4C75-B6D4-2034DB6E9ECF}
	EndGlobalSection
EndGlobal
